
Microsoft Visual Studio Solution File, Format Version 12.00
# Visual Studio Version 17
VisualStudioVersion = 17.0.31903.59
MinimumVisualStudioVersion = 10.0.40219.1
Project("{2150E333-8FDC-42A3-9474-1A3956D46DE8}") = "src", "src", "{827E0CD3-B72D-47B6-A68D-7590B98EB39B}"
EndProject
Project("{FAE04EC0-301F-11D3-BF4B-00C04F79EFBC}") = "CvIa.Api", "src\CvIa.Api\CvIa.Api.csproj", "{82432065-989B-49E8-8896-4F7DB9967E59}"
EndProject
Project("{FAE04EC0-301F-11D3-BF4B-00C04F79EFBC}") = "CvIa.Application", "src\CvIa.Application\CvIa.Application.csproj", "{B618A393-9F78-42E7-9DF6-7A9FFC12695C}"
EndProject
Project("{FAE04EC0-301F-11D3-BF4B-00C04F79EFBC}") = "CvIa.Domain", "src\CvIa.Domain\CvIa.Domain.csproj", "{9FE06B91-A44F-4214-945E-56E618173C19}"
EndProject
Project("{FAE04EC0-301F-11D3-BF4B-00C04F79EFBC}") = "CvIa.Infrastructure", "src\CvIa.Infrastructure\CvIa.Infrastructure.csproj", "{EBD82532-EBAC-4E2A-A7CB-C8D69616E220}"
EndProject
Project("{2150E333-8FDC-42A3-9474-1A3956D46DE8}") = "tests", "tests", "{0AB3BF05-4346-4AA6-1389-037BE0695223}"
EndProject
Project("{FAE04EC0-301F-11D3-BF4B-00C04F79EFBC}") = "CvIa.Tests", "tests\CvIa.Tests\CvIa.Tests.csproj", "{B3FCF142-AA2E-49C6-A2E9-986CB37C9209}"
EndProject
Global
	GlobalSection(SolutionConfigurationPlatforms) = preSolution
		Debug|Any CPU = Debug|Any CPU
		Debug|x64 = Debug|x64
		Debug|x86 = Debug|x86
		Release|Any CPU = Release|Any CPU
		Release|x64 = Release|x64
		Release|x86 = Release|x86
	EndGlobalSection
	GlobalSection(ProjectConfigurationPlatforms) = postSolution
		{82432065-989B-49E8-8896-4F7DB9967E59}.Debug|Any CPU.ActiveCfg = Debug|Any CPU
		{82432065-989B-49E8-8896-4F7DB9967E59}.Debug|Any CPU.Build.0 = Debug|Any CPU
		{82432065-989B-49E8-8896-4F7DB9967E59}.Debug|x64.ActiveCfg = Debug|Any CPU
		{82432065-989B-49E8-8896-4F7DB9967E59}.Debug|x64.Build.0 = Debug|Any CPU
		{82432065-989B-49E8-8896-4F7DB9967E59}.Debug|x86.ActiveCfg = Debug|Any CPU
		{82432065-989B-49E8-8896-4F7DB9967E59}.Debug|x86.Build.0 = Debug|Any CPU
		{82432065-989B-49E8-8896-4F7DB9967E59}.Release|Any CPU.ActiveCfg = Release|Any CPU
		{82432065-989B-49E8-8896-4F7DB9967E59}.Release|Any CPU.Build.0 = Release|Any CPU
		{82432065-989B-49E8-8896-4F7DB9967E59}.Release|x64.ActiveCfg = Release|Any CPU
		{82432065-989B-49E8-8896-4F7DB9967E59}.Release|x64.Build.0 = Release|Any CPU
		{82432065-989B-49E8-8896-4F7DB9967E59}.Release|x86.ActiveCfg = Release|Any CPU
		{82432065-989B-49E8-8896-4F7DB9967E59}.Release|x86.Build.0 = Release|Any CPU
		{B618A393-9F78-42E7-9DF6-7A9FFC12695C}.Debug|Any CPU.ActiveCfg = Debug|Any CPU
		{B618A393-9F78-42E7-9DF6-7A9FFC12695C}.Debug|Any CPU.Build.0 = Debug|Any CPU
		{B618A393-9F78-42E7-9DF6-7A9FFC12695C}.Debug|x64.ActiveCfg = Debug|Any CPU
		{B618A393-9F78-42E7-9DF6-7A9FFC12695C}.Debug|x64.Build.0 = Debug|Any CPU
		{B618A393-9F78-42E7-9DF6-7A9FFC12695C}.Debug|x86.ActiveCfg = Debug|Any CPU
		{B618A393-9F78-42E7-9DF6-7A9FFC12695C}.Debug|x86.Build.0 = Debug|Any CPU
		{B618A393-9F78-42E7-9DF6-7A9FFC12695C}.Release|Any CPU.ActiveCfg = Release|Any CPU
		{B618A393-9F78-42E7-9DF6-7A9FFC12695C}.Release|Any CPU.Build.0 = Release|Any CPU
		{B618A393-9F78-42E7-9DF6-7A9FFC12695C}.Release|x64.ActiveCfg = Release|Any CPU
		{B618A393-9F78-42E7-9DF6-7A9FFC12695C}.Release|x64.Build.0 = Release|Any CPU
		{B618A393-9F78-42E7-9DF6-7A9FFC12695C}.Release|x86.ActiveCfg = Release|Any CPU
		{B618A393-9F78-42E7-9DF6-7A9FFC12695C}.Release|x86.Build.0 = Release|Any CPU
		{9FE06B91-A44F-4214-945E-56E618173C19}.Debug|Any CPU.ActiveCfg = Debug|Any CPU
		{9FE06B91-A44F-4214-945E-56E618173C19}.Debug|Any CPU.Build.0 = Debug|Any CPU
		{9FE06B91-A44F-4214-945E-56E618173C19}.Debug|x64.ActiveCfg = Debug|Any CPU
		{9FE06B91-A44F-4214-945E-56E618173C19}.Debug|x64.Build.0 = Debug|Any CPU
		{9FE06B91-A44F-4214-945E-56E618173C19}.Debug|x86.ActiveCfg = Debug|Any CPU
		{9FE06B91-A44F-4214-945E-56E618173C19}.Debug|x86.Build.0 = Debug|Any CPU
		{9FE06B91-A44F-4214-945E-56E618173C19}.Release|Any CPU.ActiveCfg = Release|Any CPU
		{9FE06B91-A44F-4214-945E-56E618173C19}.Release|Any CPU.Build.0 = Release|Any CPU
		{9FE06B91-A44F-4214-945E-56E618173C19}.Release|x64.ActiveCfg = Release|Any CPU
		{9FE06B91-A44F-4214-945E-56E618173C19}.Release|x64.Build.0 = Release|Any CPU
		{9FE06B91-A44F-4214-945E-56E618173C19}.Release|x86.ActiveCfg = Release|Any CPU
		{9FE06B91-A44F-4214-945E-56E618173C19}.Release|x86.Build.0 = Release|Any CPU
		{EBD82532-EBAC-4E2A-A7CB-C8D69616E220}.Debug|Any CPU.ActiveCfg = Debug|Any CPU
		{EBD82532-EBAC-4E2A-A7CB-C8D69616E220}.Debug|Any CPU.Build.0 = Debug|Any CPU
		{EBD82532-EBAC-4E2A-A7CB-C8D69616E220}.Debug|x64.ActiveCfg = Debug|Any CPU
		{EBD82532-EBAC-4E2A-A7CB-C8D69616E220}.Debug|x64.Build.0 = Debug|Any CPU
		{EBD82532-EBAC-4E2A-A7CB-C8D69616E220}.Debug|x86.ActiveCfg = Debug|Any CPU
		{EBD82532-EBAC-4E2A-A7CB-C8D69616E220}.Debug|x86.Build.0 = Debug|Any CPU
		{EBD82532-EBAC-4E2A-A7CB-C8D69616E220}.Release|Any CPU.ActiveCfg = Release|Any CPU
		{EBD82532-EBAC-4E2A-A7CB-C8D69616E220}.Release|Any CPU.Build.0 = Release|Any CPU
		{EBD82532-EBAC-4E2A-A7CB-C8D69616E220}.Release|x64.ActiveCfg = Release|Any CPU
		{EBD82532-EBAC-4E2A-A7CB-C8D69616E220}.Release|x64.Build.0 = Release|Any CPU
		{EBD82532-EBAC-4E2A-A7CB-C8D69616E220}.Release|x86.ActiveCfg = Release|Any CPU
		{EBD82532-EBAC-4E2A-A7CB-C8D69616E220}.Release|x86.Build.0 = Release|Any CPU
		{B3FCF142-AA2E-49C6-A2E9-986CB37C9209}.Debug|Any CPU.ActiveCfg = Debug|Any CPU
		{B3FCF142-AA2E-49C6-A2E9-986CB37C9209}.Debug|Any CPU.Build.0 = Debug|Any CPU
		{B3FCF142-AA2E-49C6-A2E9-986CB37C9209}.Debug|x64.ActiveCfg = Debug|Any CPU
		{B3FCF142-AA2E-49C6-A2E9-986CB37C9209}.Debug|x64.Build.0 = Debug|Any CPU
		{B3FCF142-AA2E-49C6-A2E9-986CB37C9209}.Debug|x86.ActiveCfg = Debug|Any CPU
		{B3FCF142-AA2E-49C6-A2E9-986CB37C9209}.Debug|x86.Build.0 = Debug|Any CPU
		{B3FCF142-AA2E-49C6-A2E9-986CB37C9209}.Release|Any CPU.ActiveCfg = Release|Any CPU
		{B3FCF142-AA2E-49C6-A2E9-986CB37C9209}.Release|Any CPU.Build.0 = Release|Any CPU
		{B3FCF142-AA2E-49C6-A2E9-986CB37C9209}.Release|x64.ActiveCfg = Release|Any CPU
		{B3FCF142-AA2E-49C6-A2E9-986CB37C9209}.Release|x64.Build.0 = Release|Any CPU
		{B3FCF142-AA2E-49C6-A2E9-986CB37C9209}.Release|x86.ActiveCfg = Release|Any CPU
		{B3FCF142-AA2E-49C6-A2E9-986CB37C9209}.Release|x86.Build.0 = Release|Any CPU
	EndGlobalSection
	GlobalSection(SolutionProperties) = preSolution
		HideSolutionNode = FALSE
	EndGlobalSection
	GlobalSection(NestedProjects) = preSolution
		{82432065-989B-49E8-8896-4F7DB9967E59} = {827E0CD3-B72D-47B6-A68D-7590B98EB39B}
		{B618A393-9F78-42E7-9DF6-7A9FFC12695C} = {827E0CD3-B72D-47B6-A68D-7590B98EB39B}
		{9FE06B91-A44F-4214-945E-56E618173C19} = {827E0CD3-B72D-47B6-A68D-7590B98EB39B}
		{EBD82532-EBAC-4E2A-A7CB-C8D69616E220} = {827E0CD3-B72D-47B6-A68D-7590B98EB39B}
		{B3FCF142-AA2E-49C6-A2E9-986CB37C9209} = {0AB3BF05-4346-4AA6-1389-037BE0695223}
	EndGlobalSection
EndGlobal
